
Microsoft Visual Studio Solution File, Format Version 12.00
# Visual Studio 15
VisualStudioVersion = 15.0.27130.2026
MinimumVisualStudioVersion = 10.0.40219.1
Project("{2150E333-8FDC-42A3-9474-1A3956D46DE8}") = "BuildTools", "BuildTools", "{8E57A35D-CD7B-4EEE-98BF-0E414F1A4E44}"
	ProjectSection(SolutionItems) = preProject
		BuildTools\MSBuild.Community.Tasks.targets = BuildTools\MSBuild.Community.Tasks.targets
		BuildTools\NuGet.exe = BuildTools\NuGet.exe
	EndProjectSection
EndProject
Project("{2150E333-8FDC-42A3-9474-1A3956D46DE8}") = "Docs", "Docs", "{7F47E0CC-DB03-4E1F-B409-C861154D42C5}"
	ProjectSection(SolutionItems) = preProject
		Docs\SharpMap-Dependencies.png = Docs\SharpMap-Dependencies.png
	EndProjectSection
EndProject
Project("{2150E333-8FDC-42A3-9474-1A3956D46DE8}") = "Build", "Build", "{A5E400B4-8360-4259-BDDD-292A134D14CC}"
	ProjectSection(SolutionItems) = preProject
		.travis.yml = .travis.yml
		SharpMap.proj = SharpMap.proj
		SharpMap.targets = SharpMap.targets
	EndProjectSection
EndProject
Project("{2150E333-8FDC-42A3-9474-1A3956D46DE8}") = "Solution Items", "Solution Items", "{AEBB513B-1509-439F-BA86-FA9413BF8D8C}"
	ProjectSection(SolutionItems) = preProject
		Performance1.psess = Performance1.psess
		SharpMap.sln.DotSettings = SharpMap.sln.DotSettings
	EndProjectSection
EndProject
Project("{2150E333-8FDC-42A3-9474-1A3956D46DE8}") = ".nuspec", ".nuspec", "{4A4D9659-A105-465B-861B-1E8B52F95C4F}"
	ProjectSection(SolutionItems) = preProject
		SharpMap.Converters.nuspec = SharpMap.Converters.nuspec
		SharpMap.CoordinateSystems.DotSpatial.nuspec = SharpMap.CoordinateSystems.DotSpatial.nuspec
		SharpMap.CoordinateSystems.ProjNet.nuspec = SharpMap.CoordinateSystems.ProjNet.nuspec
		SharpMap.Core.nuspec = SharpMap.Core.nuspec
		SharpMap.Data.Providers.GeoPackage.nuspec = SharpMap.Data.Providers.GeoPackage.nuspec
		SharpMap.Data.Providers.Kml.nuspec = SharpMap.Data.Providers.Kml.nuspec
		SharpMap.Data.Providers.OracleSpatial.nuspec = SharpMap.Data.Providers.OracleSpatial.nuspec
		SharpMap.Extensions.nuspec = SharpMap.Extensions.nuspec
		SharpMap.Layers.BruTile.nuspec = SharpMap.Layers.BruTile.nuspec
		SharpMap.Layers.HeatLayer.nuspec = SharpMap.Layers.HeatLayer.nuspec
		SharpMap.nuspec = SharpMap.nuspec
		SharpMap.UI.nuspec = SharpMap.UI.nuspec
		SharpMap.UI.WPF.nuspec = SharpMap.UI.WPF.nuspec
		SharpMap.Utilities.Indexing.SbnTree.nuspec = SharpMap.Utilities.Indexing.SbnTree.nuspec
		SharpMap.Web.nuspec = SharpMap.Web.nuspec
	EndProjectSection
EndProject
Project("{FAE04EC0-301F-11D3-BF4B-00C04F79EFBC}") = "SharpMap", "SharpMap\SharpMap.csproj", "{C83777FC-AABB-47D9-911F-D76255D4D541}"
EndProject
Project("{FAE04EC0-301F-11D3-BF4B-00C04F79EFBC}") = "SharpMap.UI", "SharpMap.UI\SharpMap.UI.csproj", "{DD1CC1DB-4BF9-4C88-A100-733D84795F3A}"
EndProject
Project("{FAE04EC0-301F-11D3-BF4B-00C04F79EFBC}") = "SharpMap.Extensions", "SharpMap.Extensions\SharpMap.Extensions.csproj", "{A4140C12-53F5-438C-8D24-9E48C504FECF}"
EndProject
Project("{FAE04EC0-301F-11D3-BF4B-00C04F79EFBC}") = "SharpMap.Extensions.x86", "SharpMap.Extensions.x86\SharpMap.Extensions.x86.csproj", "{9961698E-4EE0-4A3B-84B7-A23E69E0C13C}"
EndProject
Project("{FAE04EC0-301F-11D3-BF4B-00C04F79EFBC}") = "SharpMap.Layers.BruTile", "SharpMap.Layers.BruTile\SharpMap.Layers.BruTile.csproj", "{D84F31ED-3D81-42F2-9190-3D021D6038A0}"
EndProject
Global
	GlobalSection(SolutionConfigurationPlatforms) = preSolution
		Debug|.NET = Debug|.NET
		Debug|Any CPU = Debug|Any CPU
		Debug|Mixed Platforms = Debug|Mixed Platforms
		Debug|x86 = Debug|x86
		Release|.NET = Release|.NET
		Release|Any CPU = Release|Any CPU
		Release|Mixed Platforms = Release|Mixed Platforms
		Release|x86 = Release|x86
		ReleaseLinux|.NET = ReleaseLinux|.NET
		ReleaseLinux|Any CPU = ReleaseLinux|Any CPU
		ReleaseLinux|Mixed Platforms = ReleaseLinux|Mixed Platforms
		ReleaseLinux|x86 = ReleaseLinux|x86
	EndGlobalSection
	GlobalSection(ProjectConfigurationPlatforms) = postSolution
		{C83777FC-AABB-47D9-911F-D76255D4D541}.Debug|.NET.ActiveCfg = Debug|Any CPU
		{C83777FC-AABB-47D9-911F-D76255D4D541}.Debug|.NET.Build.0 = Debug|Any CPU
		{C83777FC-AABB-47D9-911F-D76255D4D541}.Debug|Any CPU.ActiveCfg = Debug|Any CPU
		{C83777FC-AABB-47D9-911F-D76255D4D541}.Debug|Any CPU.Build.0 = Debug|Any CPU
		{C83777FC-AABB-47D9-911F-D76255D4D541}.Debug|Mixed Platforms.ActiveCfg = Debug|Any CPU
		{C83777FC-AABB-47D9-911F-D76255D4D541}.Debug|Mixed Platforms.Build.0 = Debug|Any CPU
		{C83777FC-AABB-47D9-911F-D76255D4D541}.Debug|x86.ActiveCfg = Debug|Any CPU
		{C83777FC-AABB-47D9-911F-D76255D4D541}.Release|.NET.ActiveCfg = Release|Any CPU
		{C83777FC-AABB-47D9-911F-D76255D4D541}.Release|Any CPU.ActiveCfg = Release|Any CPU
		{C83777FC-AABB-47D9-911F-D76255D4D541}.Release|Any CPU.Build.0 = Release|Any CPU
		{C83777FC-AABB-47D9-911F-D76255D4D541}.Release|Mixed Platforms.ActiveCfg = Release|Any CPU
		{C83777FC-AABB-47D9-911F-D76255D4D541}.Release|Mixed Platforms.Build.0 = Release|Any CPU
		{C83777FC-AABB-47D9-911F-D76255D4D541}.Release|x86.ActiveCfg = Release|Any CPU
		{C83777FC-AABB-47D9-911F-D76255D4D541}.ReleaseLinux|.NET.ActiveCfg = Release|Any CPU
		{C83777FC-AABB-47D9-911F-D76255D4D541}.ReleaseLinux|Any CPU.ActiveCfg = Release|Any CPU
		{C83777FC-AABB-47D9-911F-D76255D4D541}.ReleaseLinux|Any CPU.Build.0 = Release|Any CPU
		{C83777FC-AABB-47D9-911F-D76255D4D541}.ReleaseLinux|Mixed Platforms.ActiveCfg = Release|Any CPU
		{C83777FC-AABB-47D9-911F-D76255D4D541}.ReleaseLinux|Mixed Platforms.Build.0 = Release|Any CPU
		{C83777FC-AABB-47D9-911F-D76255D4D541}.ReleaseLinux|x86.ActiveCfg = Release|Any CPU
		{DD1CC1DB-4BF9-4C88-A100-733D84795F3A}.Debug|.NET.ActiveCfg = Debug|Any CPU
		{DD1CC1DB-4BF9-4C88-A100-733D84795F3A}.Debug|.NET.Build.0 = Debug|Any CPU
		{DD1CC1DB-4BF9-4C88-A100-733D84795F3A}.Debug|Any CPU.ActiveCfg = Debug|Any CPU
		{DD1CC1DB-4BF9-4C88-A100-733D84795F3A}.Debug|Any CPU.Build.0 = Debug|Any CPU
		{DD1CC1DB-4BF9-4C88-A100-733D84795F3A}.Debug|Mixed Platforms.ActiveCfg = Debug|Any CPU
		{DD1CC1DB-4BF9-4C88-A100-733D84795F3A}.Debug|Mixed Platforms.Build.0 = Debug|Any CPU
		{DD1CC1DB-4BF9-4C88-A100-733D84795F3A}.Debug|x86.ActiveCfg = Debug|Any CPU
		{DD1CC1DB-4BF9-4C88-A100-733D84795F3A}.Release|.NET.ActiveCfg = Release|Any CPU
		{DD1CC1DB-4BF9-4C88-A100-733D84795F3A}.Release|Any CPU.ActiveCfg = Release|Any CPU
		{DD1CC1DB-4BF9-4C88-A100-733D84795F3A}.Release|Any CPU.Build.0 = Release|Any CPU
		{DD1CC1DB-4BF9-4C88-A100-733D84795F3A}.Release|Mixed Platforms.ActiveCfg = Release|Any CPU
		{DD1CC1DB-4BF9-4C88-A100-733D84795F3A}.Release|Mixed Platforms.Build.0 = Release|Any CPU
		{DD1CC1DB-4BF9-4C88-A100-733D84795F3A}.Release|x86.ActiveCfg = Release|Any CPU
		{DD1CC1DB-4BF9-4C88-A100-733D84795F3A}.ReleaseLinux|.NET.ActiveCfg = Release|Any CPU
		{DD1CC1DB-4BF9-4C88-A100-733D84795F3A}.ReleaseLinux|Any CPU.ActiveCfg = Release|Any CPU
		{DD1CC1DB-4BF9-4C88-A100-733D84795F3A}.ReleaseLinux|Any CPU.Build.0 = Release|Any CPU
		{DD1CC1DB-4BF9-4C88-A100-733D84795F3A}.ReleaseLinux|Mixed Platforms.ActiveCfg = Release|Any CPU
		{DD1CC1DB-4BF9-4C88-A100-733D84795F3A}.ReleaseLinux|Mixed Platforms.Build.0 = Release|Any CPU
		{DD1CC1DB-4BF9-4C88-A100-733D84795F3A}.ReleaseLinux|x86.ActiveCfg = Release|Any CPU
		{A4140C12-53F5-438C-8D24-9E48C504FECF}.Debug|.NET.ActiveCfg = Debug|Any CPU
		{A4140C12-53F5-438C-8D24-9E48C504FECF}.Debug|.NET.Build.0 = Debug|Any CPU
		{A4140C12-53F5-438C-8D24-9E48C504FECF}.Debug|Any CPU.ActiveCfg = Debug|Any CPU
		{A4140C12-53F5-438C-8D24-9E48C504FECF}.Debug|Any CPU.Build.0 = Debug|Any CPU
		{A4140C12-53F5-438C-8D24-9E48C504FECF}.Debug|Mixed Platforms.ActiveCfg = Debug|Any CPU
		{A4140C12-53F5-438C-8D24-9E48C504FECF}.Debug|Mixed Platforms.Build.0 = Debug|Any CPU
		{A4140C12-53F5-438C-8D24-9E48C504FECF}.Debug|x86.ActiveCfg = Debug|Any CPU
		{A4140C12-53F5-438C-8D24-9E48C504FECF}.Release|.NET.ActiveCfg = Release|Any CPU
		{A4140C12-53F5-438C-8D24-9E48C504FECF}.Release|Any CPU.ActiveCfg = Release|Any CPU
		{A4140C12-53F5-438C-8D24-9E48C504FECF}.Release|Any CPU.Build.0 = Release|Any CPU
		{A4140C12-53F5-438C-8D24-9E48C504FECF}.Release|Mixed Platforms.ActiveCfg = Release|Any CPU
		{A4140C12-53F5-438C-8D24-9E48C504FECF}.Release|Mixed Platforms.Build.0 = Release|Any CPU
		{A4140C12-53F5-438C-8D24-9E48C504FECF}.Release|x86.ActiveCfg = Release|Any CPU
		{A4140C12-53F5-438C-8D24-9E48C504FECF}.ReleaseLinux|.NET.ActiveCfg = Release|Any CPU
		{A4140C12-53F5-438C-8D24-9E48C504FECF}.ReleaseLinux|Any CPU.ActiveCfg = Release|Any CPU
		{A4140C12-53F5-438C-8D24-9E48C504FECF}.ReleaseLinux|Any CPU.Build.0 = Release|Any CPU
		{A4140C12-53F5-438C-8D24-9E48C504FECF}.ReleaseLinux|Mixed Platforms.ActiveCfg = Release|Any CPU
		{A4140C12-53F5-438C-8D24-9E48C504FECF}.ReleaseLinux|Mixed Platforms.Build.0 = Release|Any CPU
		{A4140C12-53F5-438C-8D24-9E48C504FECF}.ReleaseLinux|x86.ActiveCfg = Release|Any CPU
		{9961698E-4EE0-4A3B-84B7-A23E69E0C13C}.Debug|.NET.ActiveCfg = Debug|Any CPU
		{9961698E-4EE0-4A3B-84B7-A23E69E0C13C}.Debug|Any CPU.ActiveCfg = Debug|Any CPU
		{9961698E-4EE0-4A3B-84B7-A23E69E0C13C}.Debug|Any CPU.Build.0 = Debug|Any CPU
		{9961698E-4EE0-4A3B-84B7-A23E69E0C13C}.Debug|Mixed Platforms.ActiveCfg = Debug|Any CPU
		{9961698E-4EE0-4A3B-84B7-A23E69E0C13C}.Debug|Mixed Platforms.Build.0 = Debug|Any CPU
		{9961698E-4EE0-4A3B-84B7-A23E69E0C13C}.Debug|x86.ActiveCfg = Debug|Any CPU
		{9961698E-4EE0-4A3B-84B7-A23E69E0C13C}.Release|.NET.ActiveCfg = Release|Any CPU
		{9961698E-4EE0-4A3B-84B7-A23E69E0C13C}.Release|Any CPU.ActiveCfg = Release|Any CPU
		{9961698E-4EE0-4A3B-84B7-A23E69E0C13C}.Release|Any CPU.Build.0 = Release|Any CPU
		{9961698E-4EE0-4A3B-84B7-A23E69E0C13C}.Release|Mixed Platforms.ActiveCfg = Release|Any CPU
		{9961698E-4EE0-4A3B-84B7-A23E69E0C13C}.Release|Mixed Platforms.Build.0 = Release|Any CPU
		{9961698E-4EE0-4A3B-84B7-A23E69E0C13C}.Release|x86.ActiveCfg = Release|Any CPU
		{9961698E-4EE0-4A3B-84B7-A23E69E0C13C}.ReleaseLinux|.NET.ActiveCfg = Release|Any CPU
		{9961698E-4EE0-4A3B-84B7-A23E69E0C13C}.ReleaseLinux|Any CPU.ActiveCfg = Release|Any CPU
		{9961698E-4EE0-4A3B-84B7-A23E69E0C13C}.ReleaseLinux|Any CPU.Build.0 = Release|Any CPU
		{9961698E-4EE0-4A3B-84B7-A23E69E0C13C}.ReleaseLinux|Mixed Platforms.ActiveCfg = Release|Any CPU
		{9961698E-4EE0-4A3B-84B7-A23E69E0C13C}.ReleaseLinux|Mixed Platforms.Build.0 = Release|Any CPU
		{9961698E-4EE0-4A3B-84B7-A23E69E0C13C}.ReleaseLinux|x86.ActiveCfg = Release|Any CPU
		{D84F31ED-3D81-42F2-9190-3D021D6038A0}.Debug|.NET.ActiveCfg = Debug|Any CPU
		{D84F31ED-3D81-42F2-9190-3D021D6038A0}.Debug|Any CPU.ActiveCfg = Debug|Any CPU
		{D84F31ED-3D81-42F2-9190-3D021D6038A0}.Debug|Any CPU.Build.0 = Debug|Any CPU
		{D84F31ED-3D81-42F2-9190-3D021D6038A0}.Debug|Mixed Platforms.ActiveCfg = Debug|Any CPU
		{D84F31ED-3D81-42F2-9190-3D021D6038A0}.Debug|Mixed Platforms.Build.0 = Debug|Any CPU
		{D84F31ED-3D81-42F2-9190-3D021D6038A0}.Debug|x86.ActiveCfg = Debug|Any CPU
		{D84F31ED-3D81-42F2-9190-3D021D6038A0}.Release|.NET.ActiveCfg = Release|Any CPU
		{D84F31ED-3D81-42F2-9190-3D021D6038A0}.Release|Any CPU.ActiveCfg = Release|Any CPU
		{D84F31ED-3D81-42F2-9190-3D021D6038A0}.Release|Any CPU.Build.0 = Release|Any CPU
		{D84F31ED-3D81-42F2-9190-3D021D6038A0}.Release|Mixed Platforms.ActiveCfg = Release|Any CPU
		{D84F31ED-3D81-42F2-9190-3D021D6038A0}.Release|Mixed Platforms.Build.0 = Release|Any CPU
		{D84F31ED-3D81-42F2-9190-3D021D6038A0}.Release|x86.ActiveCfg = Release|Any CPU
		{D84F31ED-3D81-42F2-9190-3D021D6038A0}.ReleaseLinux|.NET.ActiveCfg = Release|Any CPU
		{D84F31ED-3D81-42F2-9190-3D021D6038A0}.ReleaseLinux|Any CPU.ActiveCfg = Release|Any CPU
		{D84F31ED-3D81-42F2-9190-3D021D6038A0}.ReleaseLinux|Any CPU.Build.0 = Release|Any CPU
		{D84F31ED-3D81-42F2-9190-3D021D6038A0}.ReleaseLinux|Mixed Platforms.ActiveCfg = Release|Any CPU
		{D84F31ED-3D81-42F2-9190-3D021D6038A0}.ReleaseLinux|Mixed Platforms.Build.0 = Release|Any CPU
		{D84F31ED-3D81-42F2-9190-3D021D6038A0}.ReleaseLinux|x86.ActiveCfg = Release|Any CPU
	EndGlobalSection
	GlobalSection(SolutionProperties) = preSolution
		HideSolutionNode = FALSE
	EndGlobalSection
	GlobalSection(NestedProjects) = preSolution
		{4A4D9659-A105-465B-861B-1E8B52F95C4F} = {A5E400B4-8360-4259-BDDD-292A134D14CC}
	EndGlobalSection
	GlobalSection(ExtensibilityGlobals) = postSolution
		SolutionGuid = {C278C9A1-CAB5-40ED-97B9-40AFC83205A0}
	EndGlobalSection
EndGlobal
